
Microsoft Visual Studio Solution File, Format Version 12.00
# Visual Studio 15
VisualStudioVersion = 15.0.28307.757
MinimumVisualStudioVersion = 10.0.40219.1
Project("{8BC9CEB8-8B4A-11D0-8D11-00A0C91BC942}") = "ReterasModelStudioRunner", "ReterasModelStudioRunner\ReterasModelStudioRunner.vcxproj", "{8108FA64-7CEA-4150-9E39-A85549E5A053}"
EndProject
Global
	GlobalSection(SolutionConfigurationPlatforms) = preSolution
		Debug|x64 = Debug|x64
		Debug|x86 = Debug|x86
		Release|x64 = Release|x64
		Release|x86 = Release|x86
	EndGlobalSection
	GlobalSection(ProjectConfigurationPlatforms) = postSolution
		{8108FA64-7CEA-4150-9E39-A85549E5A053}.Debug|x64.ActiveCfg = Debug|x64
		{8108FA64-7CEA-4150-9E39-A85549E5A053}.Debug|x64.Build.0 = Debug|x64
		{8108FA64-7CEA-4150-9E39-A85549E5A053}.Debug|x86.ActiveCfg = Debug|Win32
		{8108FA64-7CEA-4150-9E39-A85549E5A053}.Debug|x86.Build.0 = Debug|Win32
		{8108FA64-7CEA-4150-9E39-A85549E5A053}.Release|x64.ActiveCfg = Release|x64
		{8108FA64-7CEA-4150-9E39-A85549E5A053}.Release|x64.Build.0 = Release|x64
		{8108FA64-7CEA-4150-9E39-A85549E5A053}.Release|x86.ActiveCfg = Release|Win32
		{8108FA64-7CEA-4150-9E39-A85549E5A053}.Release|x86.Build.0 = Release|Win32
	EndGlobalSection
	GlobalSection(SolutionProperties) = preSolution
		HideSolutionNode = FALSE
	EndGlobalSection
	GlobalSection(ExtensibilityGlobals) = postSolution
		SolutionGuid = {0AE99C17-BD61-4D93-A443-0BB922AF4198}
	EndGlobalSection
EndGlobal
